{
  "version": 4,
  "terraform_version": "0.12.29",
  "serial": 17,
  "lineage": "1b15b6ea-1e66-b15a-c76f-582c24e21d2b",
  "outputs": {
    "cluster_id": {
      "value": "sergio",
      "type": "string"
    },
    "cluster_name": {
      "value": "sergio",
      "type": "string"
    },
    "cluster_version": {
      "value": "1.17",
      "type": "string"
    },
    "ecr_name": {
      "value": "937468789323.dkr.ecr.eu-west-1.amazonaws.com/traefik2",
      "type": "string"
    },
    "kubeconfig": {
      "value": "apiVersion: v1\nclusters:\n- cluster:\n    server: https://E763B945949604D8504819E51E40C4FF.gr7.eu-west-1.eks.amazonaws.com\n    certificate-authority-data: LS0tLS1CRUdJTiBDRVJUSUZJQ0FURS0tLS0tCk1JSUN5RENDQWJDZ0F3SUJBZ0lCQURBTkJna3Foa2lHOXcwQkFRc0ZBREFWTVJNd0VRWURWUVFERXdwcmRXSmwKY201bGRHVnpNQjRYRFRJeE1ERXhNakUwTlRFeU9Gb1hEVE14TURFeE1ERTBOVEV5T0Zvd0ZURVRNQkVHQTFVRQpBeE1LYTNWaVpYSnVaWFJsY3pDQ0FTSXdEUVlKS29aSWh2Y05BUUVCQlFBRGdnRVBBRENDQVFvQ2dnRUJBTzJ6CnlJRmpYMmNwaHZMV3Q3eC9xNm5Pc0Z6eUU5UThSbVNJNkk5aUhEVThPOFd1SzdMNTFXa1N6TVFsdGhTMUZFdS8KbnJlWHhjTlVZN05KME96bTA0YmVqV1RGb2hRY3ZYWTJTb2Z3dkxzY2QwbmNOQ2NMSTE5TjkyM2U3Um5GeTltTwpPKys2ZENGdTlmbDlxN05mNDM2dHNQWW1na1NHRUVNeHNQc0twTjc2RG9uVFRjc29Cc0RLQU00TEhSUWZlTi9BCk9VQzYyNGR1NUFDbmhLcHdIQm92dzFVQWR2NTk2TXZ6RHF4bXN4bGFTd3dVU1FjdklDSk04NkY4dlhYMGs2ZnoKRUR3dDA3eEh0aW5mcjRpaGlZNm80VHk4Q1N0bi9LSCtDQlRsMURaSkh6U1FhbEc0R0c5QURIbVJ6c2pvcDlWUQo4UDVIOHRoUFRTQWd4VU0yNG5VQ0F3RUFBYU1qTUNFd0RnWURWUjBQQVFIL0JBUURBZ0trTUE4R0ExVWRFd0VCCi93UUZNQU1CQWY4d0RRWUpLb1pJaHZjTkFRRUxCUUFEZ2dFQkFBQklCY0ZaTkMzMGN1bkZGV0lOei9seEdaVy8KSHJMTnFmYUN3eGEzb3pzdkZiRWFDZFNqaGxzcTJwWCtVbWsvNHNxZlRyQ0w4V295M1dSMlJpa0EwSnNUZEkvYwp5L0V0R3RzUHhycUZVZjhFS1F5dmd2WWJnWitpRlRlS3RmdmJxRnRHR1BUcE1KNHdtaDNiT1FXajJacXJNYUxPClJZQ0ZKV05BWmQ3ZEhLVHR4YUNxSWJ1cUcra2dFTWJkTm92VW1pT28yRUJJaWlKcnpGRzRFOU5icVhsQmJGb1cKRGFyd3d6S3R5YjdlRWZleFBaNG1qWGVzOVdyNzg0THdsMm16RElUMHhzVkhmRVM1ZGpMbDdJb0hyWlZMSVR2VQpjUlBuaHNVNkJSMVBIOWV3R0szL29mNGZGQ1NaSElCNXlKNTFpOVpwMkNzMEZ1amVYZHk4OWFFZ2swdz0KLS0tLS1FTkQgQ0VSVElGSUNBVEUtLS0tLQo=\n  name: kubernetes\ncontexts:\n- context:\n    cluster: kubernetes\n    user: aws\n  name: aws\ncurrent-context: aws\nkind: Config\npreferences: {}\nusers:\n- name: aws\n  user:\n    exec:\n      apiVersion: client.authentication.k8s.io/v1alpha1\n      command: aws-iam-authenticator\n      args:\n        - \"token\"\n        - \"-i\"\n        - \"sergio\"\n",
      "type": "string"
    },
    "nodes_iam_role_arn": {
      "value": "arn:aws:iam::937468789323:role/eks-managed-nodes-sergio",
      "type": "string"
    }
  },
  "resources": [
    {
      "mode": "data",
      "type": "aws_eks_cluster",
      "name": "cluster",
      "provider": "provider.aws",
      "instances": [
        {
          "schema_version": 0,
          "attributes": {
            "arn": "arn:aws:eks:eu-west-1:937468789323:cluster/sergio",
            "certificate_authority": [
              {
                "data": "LS0tLS1CRUdJTiBDRVJUSUZJQ0FURS0tLS0tCk1JSUN5RENDQWJDZ0F3SUJBZ0lCQURBTkJna3Foa2lHOXcwQkFRc0ZBREFWTVJNd0VRWURWUVFERXdwcmRXSmwKY201bGRHVnpNQjRYRFRJeE1ERXhNakUwTlRFeU9Gb1hEVE14TURFeE1ERTBOVEV5T0Zvd0ZURVRNQkVHQTFVRQpBeE1LYTNWaVpYSnVaWFJsY3pDQ0FTSXdEUVlKS29aSWh2Y05BUUVCQlFBRGdnRVBBRENDQVFvQ2dnRUJBTzJ6CnlJRmpYMmNwaHZMV3Q3eC9xNm5Pc0Z6eUU5UThSbVNJNkk5aUhEVThPOFd1SzdMNTFXa1N6TVFsdGhTMUZFdS8KbnJlWHhjTlVZN05KME96bTA0YmVqV1RGb2hRY3ZYWTJTb2Z3dkxzY2QwbmNOQ2NMSTE5TjkyM2U3Um5GeTltTwpPKys2ZENGdTlmbDlxN05mNDM2dHNQWW1na1NHRUVNeHNQc0twTjc2RG9uVFRjc29Cc0RLQU00TEhSUWZlTi9BCk9VQzYyNGR1NUFDbmhLcHdIQm92dzFVQWR2NTk2TXZ6RHF4bXN4bGFTd3dVU1FjdklDSk04NkY4dlhYMGs2ZnoKRUR3dDA3eEh0aW5mcjRpaGlZNm80VHk4Q1N0bi9LSCtDQlRsMURaSkh6U1FhbEc0R0c5QURIbVJ6c2pvcDlWUQo4UDVIOHRoUFRTQWd4VU0yNG5VQ0F3RUFBYU1qTUNFd0RnWURWUjBQQVFIL0JBUURBZ0trTUE4R0ExVWRFd0VCCi93UUZNQU1CQWY4d0RRWUpLb1pJaHZjTkFRRUxCUUFEZ2dFQkFBQklCY0ZaTkMzMGN1bkZGV0lOei9seEdaVy8KSHJMTnFmYUN3eGEzb3pzdkZiRWFDZFNqaGxzcTJwWCtVbWsvNHNxZlRyQ0w4V295M1dSMlJpa0EwSnNUZEkvYwp5L0V0R3RzUHhycUZVZjhFS1F5dmd2WWJnWitpRlRlS3RmdmJxRnRHR1BUcE1KNHdtaDNiT1FXajJacXJNYUxPClJZQ0ZKV05BWmQ3ZEhLVHR4YUNxSWJ1cUcra2dFTWJkTm92VW1pT28yRUJJaWlKcnpGRzRFOU5icVhsQmJGb1cKRGFyd3d6S3R5YjdlRWZleFBaNG1qWGVzOVdyNzg0THdsMm16RElUMHhzVkhmRVM1ZGpMbDdJb0hyWlZMSVR2VQpjUlBuaHNVNkJSMVBIOWV3R0szL29mNGZGQ1NaSElCNXlKNTFpOVpwMkNzMEZ1amVYZHk4OWFFZ2swdz0KLS0tLS1FTkQgQ0VSVElGSUNBVEUtLS0tLQo="
              }
            ],
            "created_at": "2021-01-12 14:43:16.971 +0000 UTC",
            "enabled_cluster_log_types": [
              "api",
              "audit",
              "authenticator"
            ],
            "endpoint": "https://E763B945949604D8504819E51E40C4FF.gr7.eu-west-1.eks.amazonaws.com",
            "id": "sergio",
            "identity": [
              {
                "oidc": [
                  {
                    "issuer": "https://oidc.eks.eu-west-1.amazonaws.com/id/E763B945949604D8504819E51E40C4FF"
                  }
                ]
              }
            ],
            "kubernetes_network_config": [
              {
                "service_ipv4_cidr": "172.20.0.0/16"
              }
            ],
            "name": "sergio",
            "platform_version": "eks.5",
            "role_arn": "arn:aws:iam::937468789323:role/eks-cluster-sergio",
            "status": "ACTIVE",
            "tags": {
              "module": "eks_cluster",
              "module_version": "1.0.0"
            },
            "version": "1.17",
            "vpc_config": [
              {
                "cluster_security_group_id": "sg-01a9fc303978442df",
                "endpoint_private_access": false,
                "endpoint_public_access": true,
                "public_access_cidrs": [
                  "0.0.0.0/0"
                ],
                "security_group_ids": [
                  "sg-098ff279ac1c37b50"
                ],
                "subnet_ids": [
                  "subnet-00a5a00583bedb795",
                  "subnet-01a0d76f1c9456600",
                  "subnet-0222533d6af47665e"
                ],
                "vpc_id": "vpc-0e907bf8376063eb1"
              }
            ]
          }
        }
      ]
    },
    {
      "mode": "data",
      "type": "aws_eks_cluster_auth",
      "name": "cluster",
      "provider": "provider.aws",
      "instances": [
        {
          "schema_version": 0,
          "attributes": {
            "id": "sergio",
            "name": "sergio",
            "token": "k8s-aws-v1.aHR0cHM6Ly9zdHMuYW1hem9uYXdzLmNvbS8_QWN0aW9uPUdldENhbGxlcklkZW50aXR5JlZlcnNpb249MjAxMS0wNi0xNSZYLUFtei1BbGdvcml0aG09QVdTNC1ITUFDLVNIQTI1NiZYLUFtei1DcmVkZW50aWFsPUFLSUE1VVJMNlFKRjRKTVhZNDZFJTJGMjAyMTAxMTIlMkZ1cy1lYXN0LTElMkZzdHMlMkZhd3M0X3JlcXVlc3QmWC1BbXotRGF0ZT0yMDIxMDExMlQxNDU2MDZaJlgtQW16LUV4cGlyZXM9MCZYLUFtei1TaWduZWRIZWFkZXJzPWhvc3QlM0J4LWs4cy1hd3MtaWQmWC1BbXotU2lnbmF0dXJlPTFkYjc1YzdmMWVkY2MyYWY1YzMwYjM4N2Q0N2Q0NjU3NTU4OWM1MWQ4OGExMWUzZjE4NjkyM2Y4ZGVmMGI4ZDY"
          }
        }
      ]
    },
    {
      "module": "module.eks_cluster",
      "mode": "data",
      "type": "aws_iam_policy_document",
      "name": "assume_service_role_eks",
      "provider": "provider.aws",
      "instances": [
        {
          "schema_version": 0,
          "attributes": {
            "id": "189502314",
            "json": "{\n  \"Version\": \"2012-10-17\",\n  \"Statement\": [\n    {\n      \"Sid\": \"\",\n      \"Effect\": \"Allow\",\n      \"Action\": \"sts:AssumeRole\",\n      \"Principal\": {\n        \"Service\": \"eks.amazonaws.com\"\n      }\n    }\n  ]\n}",
            "override_json": null,
            "policy_id": null,
            "source_json": null,
            "statement": [
              {
                "actions": [
                  "sts:AssumeRole"
                ],
                "condition": [],
                "effect": "Allow",
                "not_actions": [],
                "not_principals": [],
                "not_resources": [],
                "principals": [
                  {
                    "identifiers": [
                      "eks.amazonaws.com"
                    ],
                    "type": "Service"
                  }
                ],
                "resources": [],
                "sid": ""
              }
            ],
            "version": "2012-10-17"
          }
        }
      ]
    },
    {
      "module": "module.eks_cluster",
      "mode": "data",
      "type": "aws_iam_policy_document",
      "name": "assume_service_role_eks_nodes",
      "provider": "provider.aws",
      "instances": [
        {
          "schema_version": 0,
          "attributes": {
            "id": "1903849331",
            "json": "{\n  \"Version\": \"2012-10-17\",\n  \"Statement\": [\n    {\n      \"Sid\": \"\",\n      \"Effect\": \"Allow\",\n      \"Action\": \"sts:AssumeRole\",\n      \"Principal\": {\n        \"Service\": \"ec2.amazonaws.com\"\n      }\n    }\n  ]\n}",
            "override_json": null,
            "policy_id": null,
            "source_json": null,
            "statement": [
              {
                "actions": [
                  "sts:AssumeRole"
                ],
                "condition": [],
                "effect": "Allow",
                "not_actions": [],
                "not_principals": [],
                "not_resources": [],
                "principals": [
                  {
                    "identifiers": [
                      "ec2.amazonaws.com"
                    ],
                    "type": "Service"
                  }
                ],
                "resources": [],
                "sid": ""
              }
            ],
            "version": "2012-10-17"
          }
        }
      ]
    },
    {
      "mode": "data",
      "type": "terraform_remote_state",
      "name": "network",
      "provider": "provider.terraform",
      "instances": [
        {
          "schema_version": 0,
          "attributes": {
            "backend": "local",
            "config": {
              "value": {
                "path": "../network/terraform.tfstate"
              },
              "type": [
                "object",
                {
                  "path": "string"
                }
              ]
            },
            "defaults": null,
            "outputs": {
              "value": {
                "private_subnets_id": [
                  "subnet-0442b5ecb325b7e23",
                  "subnet-020642eb697ce5cdb",
                  "subnet-05478ca69a627a56d"
                ],
                "public_subnets_id": [
                  "subnet-01a0d76f1c9456600",
                  "subnet-00a5a00583bedb795",
                  "subnet-0222533d6af47665e"
                ],
                "vpc_id": "vpc-0e907bf8376063eb1"
              },
              "type": [
                "object",
                {
                  "private_subnets_id": [
                    "tuple",
                    [
                      "string",
                      "string",
                      "string"
                    ]
                  ],
                  "public_subnets_id": [
                    "tuple",
                    [
                      "string",
                      "string",
                      "string"
                    ]
                  ],
                  "vpc_id": "string"
                }
              ]
            },
            "workspace": "default"
          }
        }
      ]
    },
    {
      "mode": "managed",
      "type": "aws_ecr_repository",
      "name": "traefik2",
      "provider": "provider.aws",
      "instances": [
        {
          "schema_version": 0,
          "attributes": {
            "arn": "arn:aws:ecr:eu-west-1:937468789323:repository/traefik2",
            "encryption_configuration": [
              {
                "encryption_type": "AES256",
                "kms_key": ""
              }
            ],
            "id": "traefik2",
            "image_scanning_configuration": [
              {
                "scan_on_push": false
              }
            ],
            "image_tag_mutability": "MUTABLE",
            "name": "traefik2",
            "registry_id": "937468789323",
            "repository_url": "937468789323.dkr.ecr.eu-west-1.amazonaws.com/traefik2",
            "tags": {
              "Name": "sergio"
            },
            "timeouts": null
          },
          "private": "eyJlMmJmYjczMC1lY2FhLTExZTYtOGY4OC0zNDM2M2JjN2M0YzAiOnsiZGVsZXRlIjoxMjAwMDAwMDAwMDAwfX0="
        }
      ]
    },
    {
      "module": "module.eks_cluster",
      "mode": "managed",
      "type": "aws_eks_cluster",
      "name": "this",
      "provider": "provider.aws",
      "instances": [
        {
          "schema_version": 0,
          "attributes": {
            "arn": "arn:aws:eks:eu-west-1:937468789323:cluster/sergio",
            "certificate_authority": [
              {
                "data": "LS0tLS1CRUdJTiBDRVJUSUZJQ0FURS0tLS0tCk1JSUN5RENDQWJDZ0F3SUJBZ0lCQURBTkJna3Foa2lHOXcwQkFRc0ZBREFWTVJNd0VRWURWUVFERXdwcmRXSmwKY201bGRHVnpNQjRYRFRJeE1ERXhNakUwTlRFeU9Gb1hEVE14TURFeE1ERTBOVEV5T0Zvd0ZURVRNQkVHQTFVRQpBeE1LYTNWaVpYSnVaWFJsY3pDQ0FTSXdEUVlKS29aSWh2Y05BUUVCQlFBRGdnRVBBRENDQVFvQ2dnRUJBTzJ6CnlJRmpYMmNwaHZMV3Q3eC9xNm5Pc0Z6eUU5UThSbVNJNkk5aUhEVThPOFd1SzdMNTFXa1N6TVFsdGhTMUZFdS8KbnJlWHhjTlVZN05KME96bTA0YmVqV1RGb2hRY3ZYWTJTb2Z3dkxzY2QwbmNOQ2NMSTE5TjkyM2U3Um5GeTltTwpPKys2ZENGdTlmbDlxN05mNDM2dHNQWW1na1NHRUVNeHNQc0twTjc2RG9uVFRjc29Cc0RLQU00TEhSUWZlTi9BCk9VQzYyNGR1NUFDbmhLcHdIQm92dzFVQWR2NTk2TXZ6RHF4bXN4bGFTd3dVU1FjdklDSk04NkY4dlhYMGs2ZnoKRUR3dDA3eEh0aW5mcjRpaGlZNm80VHk4Q1N0bi9LSCtDQlRsMURaSkh6U1FhbEc0R0c5QURIbVJ6c2pvcDlWUQo4UDVIOHRoUFRTQWd4VU0yNG5VQ0F3RUFBYU1qTUNFd0RnWURWUjBQQVFIL0JBUURBZ0trTUE4R0ExVWRFd0VCCi93UUZNQU1CQWY4d0RRWUpLb1pJaHZjTkFRRUxCUUFEZ2dFQkFBQklCY0ZaTkMzMGN1bkZGV0lOei9seEdaVy8KSHJMTnFmYUN3eGEzb3pzdkZiRWFDZFNqaGxzcTJwWCtVbWsvNHNxZlRyQ0w4V295M1dSMlJpa0EwSnNUZEkvYwp5L0V0R3RzUHhycUZVZjhFS1F5dmd2WWJnWitpRlRlS3RmdmJxRnRHR1BUcE1KNHdtaDNiT1FXajJacXJNYUxPClJZQ0ZKV05BWmQ3ZEhLVHR4YUNxSWJ1cUcra2dFTWJkTm92VW1pT28yRUJJaWlKcnpGRzRFOU5icVhsQmJGb1cKRGFyd3d6S3R5YjdlRWZleFBaNG1qWGVzOVdyNzg0THdsMm16RElUMHhzVkhmRVM1ZGpMbDdJb0hyWlZMSVR2VQpjUlBuaHNVNkJSMVBIOWV3R0szL29mNGZGQ1NaSElCNXlKNTFpOVpwMkNzMEZ1amVYZHk4OWFFZ2swdz0KLS0tLS1FTkQgQ0VSVElGSUNBVEUtLS0tLQo="
              }
            ],
            "created_at": "2021-01-12 14:43:16.971 +0000 UTC",
            "enabled_cluster_log_types": [
              "api",
              "audit",
              "authenticator"
            ],
            "encryption_config": [],
            "endpoint": "https://E763B945949604D8504819E51E40C4FF.gr7.eu-west-1.eks.amazonaws.com",
            "id": "sergio",
            "identity": [
              {
                "oidc": [
                  {
                    "issuer": "https://oidc.eks.eu-west-1.amazonaws.com/id/E763B945949604D8504819E51E40C4FF"
                  }
                ]
              }
            ],
            "kubernetes_network_config": [
              {
                "service_ipv4_cidr": "172.20.0.0/16"
              }
            ],
            "name": "sergio",
            "platform_version": "eks.5",
            "role_arn": "arn:aws:iam::937468789323:role/eks-cluster-sergio",
            "status": "ACTIVE",
            "tags": {
              "module": "eks_cluster",
              "module_version": "1.0.0"
            },
            "timeouts": null,
            "version": "1.17",
            "vpc_config": [
              {
                "cluster_security_group_id": "sg-01a9fc303978442df",
                "endpoint_private_access": false,
                "endpoint_public_access": true,
                "public_access_cidrs": [
                  "0.0.0.0/0"
                ],
                "security_group_ids": [
                  "sg-098ff279ac1c37b50"
                ],
                "subnet_ids": [
                  "subnet-00a5a00583bedb795",
                  "subnet-01a0d76f1c9456600",
                  "subnet-0222533d6af47665e"
                ],
                "vpc_id": "vpc-0e907bf8376063eb1"
              }
            ]
          },
          "private": "eyJlMmJmYjczMC1lY2FhLTExZTYtOGY4OC0zNDM2M2JjN2M0YzAiOnsiY3JlYXRlIjoxODAwMDAwMDAwMDAwLCJkZWxldGUiOjkwMDAwMDAwMDAwMCwidXBkYXRlIjozNjAwMDAwMDAwMDAwfX0=",
          "dependencies": [
            "module.eks_cluster.aws_iam_role.eks_cluster",
            "module.eks_cluster.aws_iam_role_policy_attachment.AmazonEKSClusterPolicy",
            "module.eks_cluster.aws_iam_role_policy_attachment.AmazonEKSServicePolicy",
            "module.eks_cluster.aws_security_group.eks_cluster"
          ]
        }
      ]
    },
    {
      "module": "module.eks_cluster",
      "mode": "managed",
      "type": "aws_iam_instance_profile",
      "name": "eks_nodes",
      "provider": "provider.aws",
      "instances": [
        {
          "schema_version": 0,
          "attributes": {
            "arn": "arn:aws:iam::937468789323:instance-profile/ip-eks-managed-nodes-sergio",
            "create_date": "2021-01-12T14:43:15Z",
            "id": "ip-eks-managed-nodes-sergio",
            "name": "ip-eks-managed-nodes-sergio",
            "name_prefix": null,
            "path": "/",
            "role": "eks-managed-nodes-sergio",
            "unique_id": "AIPA5URL6QJFZXSMCGTA2"
          },
          "private": "bnVsbA==",
          "dependencies": [
            "module.eks_cluster.aws_iam_role.eks_nodes"
          ]
        }
      ]
    },
    {
      "module": "module.eks_cluster",
      "mode": "managed",
      "type": "aws_iam_role",
      "name": "eks_cluster",
      "provider": "provider.aws",
      "instances": [
        {
          "schema_version": 0,
          "attributes": {
            "arn": "arn:aws:iam::937468789323:role/eks-cluster-sergio",
            "assume_role_policy": "{\"Version\":\"2012-10-17\",\"Statement\":[{\"Sid\":\"\",\"Effect\":\"Allow\",\"Principal\":{\"Service\":\"eks.amazonaws.com\"},\"Action\":\"sts:AssumeRole\"}]}",
            "create_date": "2021-01-12T14:43:14Z",
            "description": "",
            "force_detach_policies": false,
            "id": "eks-cluster-sergio",
            "max_session_duration": 3600,
            "name": "eks-cluster-sergio",
            "name_prefix": null,
            "path": "/",
            "permissions_boundary": null,
            "tags": null,
            "unique_id": "AROA5URL6QJF2AS7UTS6V"
          },
          "private": "bnVsbA=="
        }
      ]
    },
    {
      "module": "module.eks_cluster",
      "mode": "managed",
      "type": "aws_iam_role",
      "name": "eks_nodes",
      "provider": "provider.aws",
      "instances": [
        {
          "schema_version": 0,
          "attributes": {
            "arn": "arn:aws:iam::937468789323:role/eks-managed-nodes-sergio",
            "assume_role_policy": "{\"Version\":\"2012-10-17\",\"Statement\":[{\"Sid\":\"\",\"Effect\":\"Allow\",\"Principal\":{\"Service\":\"ec2.amazonaws.com\"},\"Action\":\"sts:AssumeRole\"}]}",
            "create_date": "2021-01-12T14:43:14Z",
            "description": "",
            "force_detach_policies": false,
            "id": "eks-managed-nodes-sergio",
            "max_session_duration": 3600,
            "name": "eks-managed-nodes-sergio",
            "name_prefix": null,
            "path": "/",
            "permissions_boundary": null,
            "tags": null,
            "unique_id": "AROA5URL6QJF6A4OVWW6Q"
          },
          "private": "bnVsbA=="
        }
      ]
    },
    {
      "module": "module.eks_cluster",
      "mode": "managed",
      "type": "aws_iam_role_policy_attachment",
      "name": "AmazonEC2ContainerRegistryReadOnly",
      "provider": "provider.aws",
      "instances": [
        {
          "schema_version": 0,
          "attributes": {
            "id": "eks-managed-nodes-sergio-20210112144315158600000006",
            "policy_arn": "arn:aws:iam::aws:policy/AmazonEC2ContainerRegistryReadOnly",
            "role": "eks-managed-nodes-sergio"
          },
          "private": "bnVsbA==",
          "dependencies": [
            "module.eks_cluster.aws_iam_role.eks_nodes"
          ]
        }
      ]
    },
    {
      "module": "module.eks_cluster",
      "mode": "managed",
      "type": "aws_iam_role_policy_attachment",
      "name": "AmazonEC2RoleforSSM",
      "provider": "provider.aws",
      "instances": [
        {
          "schema_version": 0,
          "attributes": {
            "id": "eks-managed-nodes-sergio-20210112144315147100000004",
            "policy_arn": "arn:aws:iam::aws:policy/service-role/AmazonEC2RoleforSSM",
            "role": "eks-managed-nodes-sergio"
          },
          "private": "bnVsbA==",
          "dependencies": [
            "module.eks_cluster.aws_iam_role.eks_nodes"
          ]
        }
      ]
    },
    {
      "module": "module.eks_cluster",
      "mode": "managed",
      "type": "aws_iam_role_policy_attachment",
      "name": "AmazonEKSClusterPolicy",
      "provider": "provider.aws",
      "instances": [
        {
          "schema_version": 0,
          "attributes": {
            "id": "eks-cluster-sergio-20210112144315120000000001",
            "policy_arn": "arn:aws:iam::aws:policy/AmazonEKSClusterPolicy",
            "role": "eks-cluster-sergio"
          },
          "private": "bnVsbA==",
          "dependencies": [
            "module.eks_cluster.aws_iam_role.eks_cluster"
          ]
        }
      ]
    },
    {
      "module": "module.eks_cluster",
      "mode": "managed",
      "type": "aws_iam_role_policy_attachment",
      "name": "AmazonEKSServicePolicy",
      "provider": "provider.aws",
      "instances": [
        {
          "schema_version": 0,
          "attributes": {
            "id": "eks-cluster-sergio-20210112144315136600000003",
            "policy_arn": "arn:aws:iam::aws:policy/AmazonEKSServicePolicy",
            "role": "eks-cluster-sergio"
          },
          "private": "bnVsbA==",
          "dependencies": [
            "module.eks_cluster.aws_iam_role.eks_cluster"
          ]
        }
      ]
    },
    {
      "module": "module.eks_cluster",
      "mode": "managed",
      "type": "aws_iam_role_policy_attachment",
      "name": "AmazonEKSWorkerNodePolicy",
      "provider": "provider.aws",
      "instances": [
        {
          "schema_version": 0,
          "attributes": {
            "id": "eks-managed-nodes-sergio-20210112144315127700000002",
            "policy_arn": "arn:aws:iam::aws:policy/AmazonEKSWorkerNodePolicy",
            "role": "eks-managed-nodes-sergio"
          },
          "private": "bnVsbA==",
          "dependencies": [
            "module.eks_cluster.aws_iam_role.eks_nodes"
          ]
        }
      ]
    },
    {
      "module": "module.eks_cluster",
      "mode": "managed",
      "type": "aws_iam_role_policy_attachment",
      "name": "AmazonEKS_CNI_Policy",
      "provider": "provider.aws",
      "instances": [
        {
          "schema_version": 0,
          "attributes": {
            "id": "eks-managed-nodes-sergio-20210112144315158500000005",
            "policy_arn": "arn:aws:iam::aws:policy/AmazonEKS_CNI_Policy",
            "role": "eks-managed-nodes-sergio"
          },
          "private": "bnVsbA==",
          "dependencies": [
            "module.eks_cluster.aws_iam_role.eks_nodes"
          ]
        }
      ]
    },
    {
      "module": "module.eks_cluster",
      "mode": "managed",
      "type": "aws_security_group",
      "name": "eks_cluster",
      "provider": "provider.aws",
      "instances": [
        {
          "schema_version": 1,
          "attributes": {
            "arn": "arn:aws:ec2:eu-west-1:937468789323:security-group/sg-098ff279ac1c37b50",
            "description": "Cluster communication with worker nodes",
            "egress": [],
            "id": "sg-098ff279ac1c37b50",
            "ingress": [],
            "name": "eks_cluster_sergio",
            "name_prefix": "",
            "owner_id": "937468789323",
            "revoke_rules_on_delete": false,
            "tags": {
              "Name": "eks_cluster_sergio",
              "module": "eks_cluster",
              "module_version": "1.0.0"
            },
            "timeouts": null,
            "vpc_id": "vpc-0e907bf8376063eb1"
          },
          "private": "eyJlMmJmYjczMC1lY2FhLTExZTYtOGY4OC0zNDM2M2JjN2M0YzAiOnsiY3JlYXRlIjo2MDAwMDAwMDAwMDAsImRlbGV0ZSI6NjAwMDAwMDAwMDAwfSwic2NoZW1hX3ZlcnNpb24iOiIxIn0="
        }
      ]
    },
    {
      "module": "module.eks_cluster",
      "mode": "managed",
      "type": "aws_security_group_rule",
      "name": "all_egress",
      "each": "list",
      "provider": "provider.aws",
      "instances": [
        {
          "index_key": 0,
          "schema_version": 2,
          "attributes": {
            "cidr_blocks": [
              "0.0.0.0/0"
            ],
            "description": null,
            "from_port": 0,
            "id": "sgrule-2581351286",
            "ipv6_cidr_blocks": null,
            "prefix_list_ids": null,
            "protocol": "tcp",
            "security_group_id": "sg-098ff279ac1c37b50",
            "self": false,
            "source_security_group_id": null,
            "to_port": 65535,
            "type": "egress"
          },
          "private": "eyJzY2hlbWFfdmVyc2lvbiI6IjIifQ==",
          "dependencies": [
            "module.eks_cluster.aws_security_group.eks_cluster"
          ]
        }
      ]
    },
    {
      "module": "module.eks_cluster",
      "mode": "managed",
      "type": "aws_security_group_rule",
      "name": "all_ingress",
      "each": "list",
      "provider": "provider.aws",
      "instances": [
        {
          "index_key": 0,
          "schema_version": 2,
          "attributes": {
            "cidr_blocks": [
              "0.0.0.0/0"
            ],
            "description": null,
            "from_port": 0,
            "id": "sgrule-1006447382",
            "ipv6_cidr_blocks": null,
            "prefix_list_ids": null,
            "protocol": "tcp",
            "security_group_id": "sg-098ff279ac1c37b50",
            "self": false,
            "source_security_group_id": null,
            "to_port": 65535,
            "type": "ingress"
          },
          "private": "eyJzY2hlbWFfdmVyc2lvbiI6IjIifQ==",
          "dependencies": [
            "module.eks_cluster.aws_security_group.eks_cluster"
          ]
        }
      ]
    }
  ]
}
