{
  "version": 4,
  "terraform_version": "0.12.29",
  "serial": 139,
  "lineage": "1b15b6ea-1e66-b15a-c76f-582c24e21d2b",
  "outputs": {
    "cluster_id": {
      "value": "sergio",
      "type": "string"
    },
    "cluster_name": {
      "value": "sergio",
      "type": "string"
    },
    "cluster_version": {
      "value": "1.17",
      "type": "string"
    },
    "kubeconfig": {
      "value": "apiVersion: v1\nclusters:\n- cluster:\n    server: https://F21E3AC821D9CF20DDFF40527806F953.gr7.eu-west-1.eks.amazonaws.com\n    certificate-authority-data: LS0tLS1CRUdJTiBDRVJUSUZJQ0FURS0tLS0tCk1JSUN5RENDQWJDZ0F3SUJBZ0lCQURBTkJna3Foa2lHOXcwQkFRc0ZBREFWTVJNd0VRWURWUVFERXdwcmRXSmwKY201bGRHVnpNQjRYRFRJeE1ERXhOREV3TkRreE5Wb1hEVE14TURFeE1qRXdORGt4TlZvd0ZURVRNQkVHQTFVRQpBeE1LYTNWaVpYSnVaWFJsY3pDQ0FTSXdEUVlKS29aSWh2Y05BUUVCQlFBRGdnRVBBRENDQVFvQ2dnRUJBSnVLClgwL2NFNDRlRFNHQnF2VVRUM0UyOTlCT2dFWklWWHFlcmtqM2EyWnZVV09RK3lXS3c1MzRRaGthMGlnZGp3TDgKOEhIWTU5WjBFRFpESVJ0RUlOSUJjVTVFMUhIQ2ZhZGE1OVlWT25Fb2RBRExYOGdJWTR0Und4VmpUYXV6Um5VUQo3blVVenpIR0pjMkJVNDhnaTRrQ2k5ZHNEV0JOOG5jZFdVb2tSR09ybEZsVWZib2RuTEMxSlJNR3NpVW96Y3NkCjlBNDdJNCtXM0dZWEFtS3hJMUZGUklhYWNyRkNpcXNTWGMxMUQ2c3dvQjl1ZDcvTFhNdU8yK0xsaXlTVHBaQWQKQUhmNFhtbEZrandvM3o1T3NycUpPN3NCNCt5amxoRkVyMkV1Mm5zb3MvMW5qM1d0dWphNmY4WmZjdWhxcEdPTQovWDRYNThCQVViNElGWUJ5eEFFQ0F3RUFBYU1qTUNFd0RnWURWUjBQQVFIL0JBUURBZ0trTUE4R0ExVWRFd0VCCi93UUZNQU1CQWY4d0RRWUpLb1pJaHZjTkFRRUxCUUFEZ2dFQkFDaTIzSFBTdkR6NFBIN092T29FaGZoYWw2MGUKclRCelZYQlR5SXpjUG5aaTI2dlh2WkdDTk1xU3c2U2JUdk56SHZiWVc4Y2g2aUNnb2xwbWRMN0RHT0dNc05WcApwTVk1V3kvOHAwRUVtVU0ybG9mcWtyUVZrb1lqSitHUW1UdFJmMWthSmhIY0lxNm5mTlZJVWxIMExaRDErNHltCkFKSjZjWVcvWlhxSnhBYzZmcE13SEUxTDNZUEh1bnFUdnlBUmdRZmFqVHZGZ2tQcitOR056aHpyN3N4bERTQ3UKcEp6TVpUK1JoQ3hVazdmRWEvSHM3VkhLWEdabWNjczJHd0EzMEJ6NGtUV1RDWHJIdDByMmNFN0dORExTeFNNKwp0cXJTSTR5clJ3U2VIbjQwOHNXYkxyU0dZeEVzQS95L29NQUpkV3NGQ0R4K3NCOWNKdndUUi9zc1lmbz0KLS0tLS1FTkQgQ0VSVElGSUNBVEUtLS0tLQo=\n  name: kubernetes\ncontexts:\n- context:\n    cluster: kubernetes\n    user: aws\n  name: aws\ncurrent-context: aws\nkind: Config\npreferences: {}\nusers:\n- name: aws\n  user:\n    exec:\n      apiVersion: client.authentication.k8s.io/v1alpha1\n      command: aws-iam-authenticator\n      args:\n        - \"token\"\n        - \"-i\"\n        - \"sergio\"\n",
      "type": "string"
    },
    "nodes_iam_role_arn": {
      "value": "arn:aws:iam::937468789323:role/eks-managed-nodes-sergio",
      "type": "string"
    }
  },
  "resources": [
    {
      "mode": "data",
      "type": "aws_eks_cluster",
      "name": "cluster",
      "provider": "provider.aws",
      "instances": [
        {
          "schema_version": 0,
          "attributes": {
            "arn": "arn:aws:eks:eu-west-1:937468789323:cluster/sergio",
            "certificate_authority": [
              {
                "data": "LS0tLS1CRUdJTiBDRVJUSUZJQ0FURS0tLS0tCk1JSUN5RENDQWJDZ0F3SUJBZ0lCQURBTkJna3Foa2lHOXcwQkFRc0ZBREFWTVJNd0VRWURWUVFERXdwcmRXSmwKY201bGRHVnpNQjRYRFRJeE1ERXhOREV3TkRreE5Wb1hEVE14TURFeE1qRXdORGt4TlZvd0ZURVRNQkVHQTFVRQpBeE1LYTNWaVpYSnVaWFJsY3pDQ0FTSXdEUVlKS29aSWh2Y05BUUVCQlFBRGdnRVBBRENDQVFvQ2dnRUJBSnVLClgwL2NFNDRlRFNHQnF2VVRUM0UyOTlCT2dFWklWWHFlcmtqM2EyWnZVV09RK3lXS3c1MzRRaGthMGlnZGp3TDgKOEhIWTU5WjBFRFpESVJ0RUlOSUJjVTVFMUhIQ2ZhZGE1OVlWT25Fb2RBRExYOGdJWTR0Und4VmpUYXV6Um5VUQo3blVVenpIR0pjMkJVNDhnaTRrQ2k5ZHNEV0JOOG5jZFdVb2tSR09ybEZsVWZib2RuTEMxSlJNR3NpVW96Y3NkCjlBNDdJNCtXM0dZWEFtS3hJMUZGUklhYWNyRkNpcXNTWGMxMUQ2c3dvQjl1ZDcvTFhNdU8yK0xsaXlTVHBaQWQKQUhmNFhtbEZrandvM3o1T3NycUpPN3NCNCt5amxoRkVyMkV1Mm5zb3MvMW5qM1d0dWphNmY4WmZjdWhxcEdPTQovWDRYNThCQVViNElGWUJ5eEFFQ0F3RUFBYU1qTUNFd0RnWURWUjBQQVFIL0JBUURBZ0trTUE4R0ExVWRFd0VCCi93UUZNQU1CQWY4d0RRWUpLb1pJaHZjTkFRRUxCUUFEZ2dFQkFDaTIzSFBTdkR6NFBIN092T29FaGZoYWw2MGUKclRCelZYQlR5SXpjUG5aaTI2dlh2WkdDTk1xU3c2U2JUdk56SHZiWVc4Y2g2aUNnb2xwbWRMN0RHT0dNc05WcApwTVk1V3kvOHAwRUVtVU0ybG9mcWtyUVZrb1lqSitHUW1UdFJmMWthSmhIY0lxNm5mTlZJVWxIMExaRDErNHltCkFKSjZjWVcvWlhxSnhBYzZmcE13SEUxTDNZUEh1bnFUdnlBUmdRZmFqVHZGZ2tQcitOR056aHpyN3N4bERTQ3UKcEp6TVpUK1JoQ3hVazdmRWEvSHM3VkhLWEdabWNjczJHd0EzMEJ6NGtUV1RDWHJIdDByMmNFN0dORExTeFNNKwp0cXJTSTR5clJ3U2VIbjQwOHNXYkxyU0dZeEVzQS95L29NQUpkV3NGQ0R4K3NCOWNKdndUUi9zc1lmbz0KLS0tLS1FTkQgQ0VSVElGSUNBVEUtLS0tLQo="
              }
            ],
            "created_at": "2021-01-14 10:39:13.917 +0000 UTC",
            "enabled_cluster_log_types": [
              "api",
              "audit",
              "authenticator"
            ],
            "endpoint": "https://F21E3AC821D9CF20DDFF40527806F953.gr7.eu-west-1.eks.amazonaws.com",
            "id": "sergio",
            "identity": [
              {
                "oidc": [
                  {
                    "issuer": "https://oidc.eks.eu-west-1.amazonaws.com/id/F21E3AC821D9CF20DDFF40527806F953"
                  }
                ]
              }
            ],
            "kubernetes_network_config": [
              {
                "service_ipv4_cidr": "172.20.0.0/16"
              }
            ],
            "name": "sergio",
            "platform_version": "eks.5",
            "role_arn": "arn:aws:iam::937468789323:role/eks-cluster-sergio",
            "status": "ACTIVE",
            "tags": {
              "module": "eks_cluster",
              "module_version": "1.0.0"
            },
            "version": "1.17",
            "vpc_config": [
              {
                "cluster_security_group_id": "sg-067101f48de20a377",
                "endpoint_private_access": false,
                "endpoint_public_access": true,
                "public_access_cidrs": [
                  "0.0.0.0/0"
                ],
                "security_group_ids": [
                  "sg-0df71d5a7b713b336"
                ],
                "subnet_ids": [
                  "subnet-056d9de3e2535a89a",
                  "subnet-0633470915b8b65f4",
                  "subnet-063805fa4d4dc89d2"
                ],
                "vpc_id": "vpc-008d5c70693cf24b4"
              }
            ]
          }
        }
      ]
    },
    {
      "mode": "data",
      "type": "aws_eks_cluster_auth",
      "name": "cluster",
      "provider": "provider.aws",
      "instances": [
        {
          "schema_version": 0,
          "attributes": {
            "id": "sergio",
            "name": "sergio",
            "token": "k8s-aws-v1.aHR0cHM6Ly9zdHMuYW1hem9uYXdzLmNvbS8_QWN0aW9uPUdldENhbGxlcklkZW50aXR5JlZlcnNpb249MjAxMS0wNi0xNSZYLUFtei1BbGdvcml0aG09QVdTNC1ITUFDLVNIQTI1NiZYLUFtei1DcmVkZW50aWFsPUFLSUE1VVJMNlFKRjRKTVhZNDZFJTJGMjAyMTAxMTQlMkZ1cy1lYXN0LTElMkZzdHMlMkZhd3M0X3JlcXVlc3QmWC1BbXotRGF0ZT0yMDIxMDExNFQxMDU1MTJaJlgtQW16LUV4cGlyZXM9MCZYLUFtei1TaWduZWRIZWFkZXJzPWhvc3QlM0J4LWs4cy1hd3MtaWQmWC1BbXotU2lnbmF0dXJlPTI2NTRlMDg1MjdmNDhiY2E5OGE2NzlkYzI1Y2NiNjYyNmRlMGI0MmEyODMxM2QxYTNjMWEzMWFjNmI2MDM3NjY"
          }
        }
      ]
    },
    {
      "module": "module.eks_cluster",
      "mode": "data",
      "type": "aws_iam_policy_document",
      "name": "assume_service_role_eks",
      "provider": "provider.aws",
      "instances": [
        {
          "schema_version": 0,
          "attributes": {
            "id": "189502314",
            "json": "{\n  \"Version\": \"2012-10-17\",\n  \"Statement\": [\n    {\n      \"Sid\": \"\",\n      \"Effect\": \"Allow\",\n      \"Action\": \"sts:AssumeRole\",\n      \"Principal\": {\n        \"Service\": \"eks.amazonaws.com\"\n      }\n    }\n  ]\n}",
            "override_json": null,
            "policy_id": null,
            "source_json": null,
            "statement": [
              {
                "actions": [
                  "sts:AssumeRole"
                ],
                "condition": [],
                "effect": "Allow",
                "not_actions": [],
                "not_principals": [],
                "not_resources": [],
                "principals": [
                  {
                    "identifiers": [
                      "eks.amazonaws.com"
                    ],
                    "type": "Service"
                  }
                ],
                "resources": [],
                "sid": ""
              }
            ],
            "version": "2012-10-17"
          }
        }
      ]
    },
    {
      "module": "module.eks_cluster",
      "mode": "data",
      "type": "aws_iam_policy_document",
      "name": "assume_service_role_eks_nodes",
      "provider": "provider.aws",
      "instances": [
        {
          "schema_version": 0,
          "attributes": {
            "id": "1903849331",
            "json": "{\n  \"Version\": \"2012-10-17\",\n  \"Statement\": [\n    {\n      \"Sid\": \"\",\n      \"Effect\": \"Allow\",\n      \"Action\": \"sts:AssumeRole\",\n      \"Principal\": {\n        \"Service\": \"ec2.amazonaws.com\"\n      }\n    }\n  ]\n}",
            "override_json": null,
            "policy_id": null,
            "source_json": null,
            "statement": [
              {
                "actions": [
                  "sts:AssumeRole"
                ],
                "condition": [],
                "effect": "Allow",
                "not_actions": [],
                "not_principals": [],
                "not_resources": [],
                "principals": [
                  {
                    "identifiers": [
                      "ec2.amazonaws.com"
                    ],
                    "type": "Service"
                  }
                ],
                "resources": [],
                "sid": ""
              }
            ],
            "version": "2012-10-17"
          }
        }
      ]
    },
    {
      "mode": "data",
      "type": "terraform_remote_state",
      "name": "network",
      "provider": "provider.terraform",
      "instances": [
        {
          "schema_version": 0,
          "attributes": {
            "backend": "local",
            "config": {
              "value": {
                "path": "../network/terraform.tfstate"
              },
              "type": [
                "object",
                {
                  "path": "string"
                }
              ]
            },
            "defaults": null,
            "outputs": {
              "value": {
                "private_subnets_id": [
                  "subnet-0132fb5781f681b08",
                  "subnet-046c766f565c0e85d",
                  "subnet-04a8b448ccc2f34d0"
                ],
                "public_subnets_id": [
                  "subnet-056d9de3e2535a89a",
                  "subnet-0633470915b8b65f4",
                  "subnet-063805fa4d4dc89d2"
                ],
                "vpc_id": "vpc-008d5c70693cf24b4"
              },
              "type": [
                "object",
                {
                  "private_subnets_id": [
                    "tuple",
                    [
                      "string",
                      "string",
                      "string"
                    ]
                  ],
                  "public_subnets_id": [
                    "tuple",
                    [
                      "string",
                      "string",
                      "string"
                    ]
                  ],
                  "vpc_id": "string"
                }
              ]
            },
            "workspace": "default"
          }
        }
      ]
    },
    {
      "module": "module.eks_cluster",
      "mode": "managed",
      "type": "aws_eks_cluster",
      "name": "this",
      "provider": "provider.aws",
      "instances": [
        {
          "schema_version": 0,
          "attributes": {
            "arn": "arn:aws:eks:eu-west-1:937468789323:cluster/sergio",
            "certificate_authority": [
              {
                "data": "LS0tLS1CRUdJTiBDRVJUSUZJQ0FURS0tLS0tCk1JSUN5RENDQWJDZ0F3SUJBZ0lCQURBTkJna3Foa2lHOXcwQkFRc0ZBREFWTVJNd0VRWURWUVFERXdwcmRXSmwKY201bGRHVnpNQjRYRFRJeE1ERXhOREV3TkRreE5Wb1hEVE14TURFeE1qRXdORGt4TlZvd0ZURVRNQkVHQTFVRQpBeE1LYTNWaVpYSnVaWFJsY3pDQ0FTSXdEUVlKS29aSWh2Y05BUUVCQlFBRGdnRVBBRENDQVFvQ2dnRUJBSnVLClgwL2NFNDRlRFNHQnF2VVRUM0UyOTlCT2dFWklWWHFlcmtqM2EyWnZVV09RK3lXS3c1MzRRaGthMGlnZGp3TDgKOEhIWTU5WjBFRFpESVJ0RUlOSUJjVTVFMUhIQ2ZhZGE1OVlWT25Fb2RBRExYOGdJWTR0Und4VmpUYXV6Um5VUQo3blVVenpIR0pjMkJVNDhnaTRrQ2k5ZHNEV0JOOG5jZFdVb2tSR09ybEZsVWZib2RuTEMxSlJNR3NpVW96Y3NkCjlBNDdJNCtXM0dZWEFtS3hJMUZGUklhYWNyRkNpcXNTWGMxMUQ2c3dvQjl1ZDcvTFhNdU8yK0xsaXlTVHBaQWQKQUhmNFhtbEZrandvM3o1T3NycUpPN3NCNCt5amxoRkVyMkV1Mm5zb3MvMW5qM1d0dWphNmY4WmZjdWhxcEdPTQovWDRYNThCQVViNElGWUJ5eEFFQ0F3RUFBYU1qTUNFd0RnWURWUjBQQVFIL0JBUURBZ0trTUE4R0ExVWRFd0VCCi93UUZNQU1CQWY4d0RRWUpLb1pJaHZjTkFRRUxCUUFEZ2dFQkFDaTIzSFBTdkR6NFBIN092T29FaGZoYWw2MGUKclRCelZYQlR5SXpjUG5aaTI2dlh2WkdDTk1xU3c2U2JUdk56SHZiWVc4Y2g2aUNnb2xwbWRMN0RHT0dNc05WcApwTVk1V3kvOHAwRUVtVU0ybG9mcWtyUVZrb1lqSitHUW1UdFJmMWthSmhIY0lxNm5mTlZJVWxIMExaRDErNHltCkFKSjZjWVcvWlhxSnhBYzZmcE13SEUxTDNZUEh1bnFUdnlBUmdRZmFqVHZGZ2tQcitOR056aHpyN3N4bERTQ3UKcEp6TVpUK1JoQ3hVazdmRWEvSHM3VkhLWEdabWNjczJHd0EzMEJ6NGtUV1RDWHJIdDByMmNFN0dORExTeFNNKwp0cXJTSTR5clJ3U2VIbjQwOHNXYkxyU0dZeEVzQS95L29NQUpkV3NGQ0R4K3NCOWNKdndUUi9zc1lmbz0KLS0tLS1FTkQgQ0VSVElGSUNBVEUtLS0tLQo="
              }
            ],
            "created_at": "2021-01-14 10:39:13.917 +0000 UTC",
            "enabled_cluster_log_types": [
              "api",
              "audit",
              "authenticator"
            ],
            "encryption_config": [],
            "endpoint": "https://F21E3AC821D9CF20DDFF40527806F953.gr7.eu-west-1.eks.amazonaws.com",
            "id": "sergio",
            "identity": [
              {
                "oidc": [
                  {
                    "issuer": "https://oidc.eks.eu-west-1.amazonaws.com/id/F21E3AC821D9CF20DDFF40527806F953"
                  }
                ]
              }
            ],
            "kubernetes_network_config": [
              {
                "service_ipv4_cidr": "172.20.0.0/16"
              }
            ],
            "name": "sergio",
            "platform_version": "eks.5",
            "role_arn": "arn:aws:iam::937468789323:role/eks-cluster-sergio",
            "status": "ACTIVE",
            "tags": {
              "module": "eks_cluster",
              "module_version": "1.0.0"
            },
            "timeouts": null,
            "version": "1.17",
            "vpc_config": [
              {
                "cluster_security_group_id": "sg-067101f48de20a377",
                "endpoint_private_access": false,
                "endpoint_public_access": true,
                "public_access_cidrs": [
                  "0.0.0.0/0"
                ],
                "security_group_ids": [
                  "sg-0df71d5a7b713b336"
                ],
                "subnet_ids": [
                  "subnet-056d9de3e2535a89a",
                  "subnet-0633470915b8b65f4",
                  "subnet-063805fa4d4dc89d2"
                ],
                "vpc_id": "vpc-008d5c70693cf24b4"
              }
            ]
          },
          "private": "eyJlMmJmYjczMC1lY2FhLTExZTYtOGY4OC0zNDM2M2JjN2M0YzAiOnsiY3JlYXRlIjoxODAwMDAwMDAwMDAwLCJkZWxldGUiOjkwMDAwMDAwMDAwMCwidXBkYXRlIjozNjAwMDAwMDAwMDAwfX0=",
          "dependencies": [
            "module.eks_cluster.aws_iam_role.eks_cluster",
            "module.eks_cluster.aws_iam_role_policy_attachment.AmazonEKSClusterPolicy",
            "module.eks_cluster.aws_iam_role_policy_attachment.AmazonEKSServicePolicy",
            "module.eks_cluster.aws_security_group.eks_cluster"
          ]
        }
      ]
    },
    {
      "module": "module.eks_cluster",
      "mode": "managed",
      "type": "aws_iam_instance_profile",
      "name": "eks_nodes",
      "provider": "provider.aws",
      "instances": [
        {
          "schema_version": 0,
          "attributes": {
            "arn": "arn:aws:iam::937468789323:instance-profile/ip-eks-managed-nodes-sergio",
            "create_date": "2021-01-14T10:39:12Z",
            "id": "ip-eks-managed-nodes-sergio",
            "name": "ip-eks-managed-nodes-sergio",
            "name_prefix": null,
            "path": "/",
            "role": "eks-managed-nodes-sergio",
            "unique_id": "AIPA5URL6QJF4JW6ACLAA"
          },
          "private": "bnVsbA==",
          "dependencies": [
            "module.eks_cluster.aws_iam_role.eks_nodes"
          ]
        }
      ]
    },
    {
      "module": "module.eks_cluster",
      "mode": "managed",
      "type": "aws_iam_role",
      "name": "eks_cluster",
      "provider": "provider.aws",
      "instances": [
        {
          "schema_version": 0,
          "attributes": {
            "arn": "arn:aws:iam::937468789323:role/eks-cluster-sergio",
            "assume_role_policy": "{\"Version\":\"2012-10-17\",\"Statement\":[{\"Sid\":\"\",\"Effect\":\"Allow\",\"Principal\":{\"Service\":\"eks.amazonaws.com\"},\"Action\":\"sts:AssumeRole\"}]}",
            "create_date": "2021-01-14T10:39:11Z",
            "description": "",
            "force_detach_policies": false,
            "id": "eks-cluster-sergio",
            "max_session_duration": 3600,
            "name": "eks-cluster-sergio",
            "name_prefix": null,
            "path": "/",
            "permissions_boundary": null,
            "tags": null,
            "unique_id": "AROA5URL6QJF55PR62AN7"
          },
          "private": "bnVsbA=="
        }
      ]
    },
    {
      "module": "module.eks_cluster",
      "mode": "managed",
      "type": "aws_iam_role",
      "name": "eks_nodes",
      "provider": "provider.aws",
      "instances": [
        {
          "schema_version": 0,
          "attributes": {
            "arn": "arn:aws:iam::937468789323:role/eks-managed-nodes-sergio",
            "assume_role_policy": "{\"Version\":\"2012-10-17\",\"Statement\":[{\"Sid\":\"\",\"Effect\":\"Allow\",\"Principal\":{\"Service\":\"ec2.amazonaws.com\"},\"Action\":\"sts:AssumeRole\"}]}",
            "create_date": "2021-01-14T10:39:11Z",
            "description": "",
            "force_detach_policies": false,
            "id": "eks-managed-nodes-sergio",
            "max_session_duration": 3600,
            "name": "eks-managed-nodes-sergio",
            "name_prefix": null,
            "path": "/",
            "permissions_boundary": null,
            "tags": null,
            "unique_id": "AROA5URL6QJFZQBMTMTX5"
          },
          "private": "bnVsbA=="
        }
      ]
    },
    {
      "module": "module.eks_cluster",
      "mode": "managed",
      "type": "aws_iam_role_policy_attachment",
      "name": "AmazonEC2ContainerRegistryReadOnly",
      "provider": "provider.aws",
      "instances": [
        {
          "schema_version": 0,
          "attributes": {
            "id": "eks-managed-nodes-sergio-20210114103912273400000001",
            "policy_arn": "arn:aws:iam::aws:policy/AmazonEC2ContainerRegistryReadOnly",
            "role": "eks-managed-nodes-sergio"
          },
          "private": "bnVsbA==",
          "dependencies": [
            "module.eks_cluster.aws_iam_role.eks_nodes"
          ]
        }
      ]
    },
    {
      "module": "module.eks_cluster",
      "mode": "managed",
      "type": "aws_iam_role_policy_attachment",
      "name": "AmazonEC2RoleforSSM",
      "provider": "provider.aws",
      "instances": [
        {
          "schema_version": 0,
          "attributes": {
            "id": "eks-managed-nodes-sergio-20210114103912290100000005",
            "policy_arn": "arn:aws:iam::aws:policy/service-role/AmazonEC2RoleforSSM",
            "role": "eks-managed-nodes-sergio"
          },
          "private": "bnVsbA==",
          "dependencies": [
            "module.eks_cluster.aws_iam_role.eks_nodes"
          ]
        }
      ]
    },
    {
      "module": "module.eks_cluster",
      "mode": "managed",
      "type": "aws_iam_role_policy_attachment",
      "name": "AmazonEKSClusterPolicy",
      "provider": "provider.aws",
      "instances": [
        {
          "schema_version": 0,
          "attributes": {
            "id": "eks-cluster-sergio-20210114103912277000000002",
            "policy_arn": "arn:aws:iam::aws:policy/AmazonEKSClusterPolicy",
            "role": "eks-cluster-sergio"
          },
          "private": "bnVsbA==",
          "dependencies": [
            "module.eks_cluster.aws_iam_role.eks_cluster"
          ]
        }
      ]
    },
    {
      "module": "module.eks_cluster",
      "mode": "managed",
      "type": "aws_iam_role_policy_attachment",
      "name": "AmazonEKSServicePolicy",
      "provider": "provider.aws",
      "instances": [
        {
          "schema_version": 0,
          "attributes": {
            "id": "eks-cluster-sergio-20210114103912340600000006",
            "policy_arn": "arn:aws:iam::aws:policy/AmazonEKSServicePolicy",
            "role": "eks-cluster-sergio"
          },
          "private": "bnVsbA==",
          "dependencies": [
            "module.eks_cluster.aws_iam_role.eks_cluster"
          ]
        }
      ]
    },
    {
      "module": "module.eks_cluster",
      "mode": "managed",
      "type": "aws_iam_role_policy_attachment",
      "name": "AmazonEKSWorkerNodePolicy",
      "provider": "provider.aws",
      "instances": [
        {
          "schema_version": 0,
          "attributes": {
            "id": "eks-managed-nodes-sergio-20210114103912287900000004",
            "policy_arn": "arn:aws:iam::aws:policy/AmazonEKSWorkerNodePolicy",
            "role": "eks-managed-nodes-sergio"
          },
          "private": "bnVsbA==",
          "dependencies": [
            "module.eks_cluster.aws_iam_role.eks_nodes"
          ]
        }
      ]
    },
    {
      "module": "module.eks_cluster",
      "mode": "managed",
      "type": "aws_iam_role_policy_attachment",
      "name": "AmazonEKS_CNI_Policy",
      "provider": "provider.aws",
      "instances": [
        {
          "schema_version": 0,
          "attributes": {
            "id": "eks-managed-nodes-sergio-20210114103912280500000003",
            "policy_arn": "arn:aws:iam::aws:policy/AmazonEKS_CNI_Policy",
            "role": "eks-managed-nodes-sergio"
          },
          "private": "bnVsbA==",
          "dependencies": [
            "module.eks_cluster.aws_iam_role.eks_nodes"
          ]
        }
      ]
    },
    {
      "module": "module.eks_cluster",
      "mode": "managed",
      "type": "aws_security_group",
      "name": "eks_cluster",
      "provider": "provider.aws",
      "instances": [
        {
          "schema_version": 1,
          "attributes": {
            "arn": "arn:aws:ec2:eu-west-1:937468789323:security-group/sg-0df71d5a7b713b336",
            "description": "Cluster communication with worker nodes",
            "egress": [],
            "id": "sg-0df71d5a7b713b336",
            "ingress": [],
            "name": "eks_cluster_sergio",
            "name_prefix": "",
            "owner_id": "937468789323",
            "revoke_rules_on_delete": false,
            "tags": {
              "Name": "eks_cluster_sergio",
              "module": "eks_cluster",
              "module_version": "1.0.0"
            },
            "timeouts": null,
            "vpc_id": "vpc-008d5c70693cf24b4"
          },
          "private": "eyJlMmJmYjczMC1lY2FhLTExZTYtOGY4OC0zNDM2M2JjN2M0YzAiOnsiY3JlYXRlIjo2MDAwMDAwMDAwMDAsImRlbGV0ZSI6NjAwMDAwMDAwMDAwfSwic2NoZW1hX3ZlcnNpb24iOiIxIn0="
        }
      ]
    },
    {
      "module": "module.eks_cluster",
      "mode": "managed",
      "type": "aws_security_group_rule",
      "name": "all_egress",
      "each": "list",
      "provider": "provider.aws",
      "instances": [
        {
          "index_key": 0,
          "schema_version": 2,
          "attributes": {
            "cidr_blocks": [
              "0.0.0.0/0"
            ],
            "description": null,
            "from_port": 0,
            "id": "sgrule-2672627368",
            "ipv6_cidr_blocks": null,
            "prefix_list_ids": null,
            "protocol": "tcp",
            "security_group_id": "sg-0df71d5a7b713b336",
            "self": false,
            "source_security_group_id": null,
            "to_port": 65535,
            "type": "egress"
          },
          "private": "eyJzY2hlbWFfdmVyc2lvbiI6IjIifQ==",
          "dependencies": [
            "module.eks_cluster.aws_security_group.eks_cluster"
          ]
        }
      ]
    },
    {
      "module": "module.eks_cluster",
      "mode": "managed",
      "type": "aws_security_group_rule",
      "name": "all_ingress",
      "each": "list",
      "provider": "provider.aws",
      "instances": [
        {
          "index_key": 0,
          "schema_version": 2,
          "attributes": {
            "cidr_blocks": [
              "0.0.0.0/0"
            ],
            "description": null,
            "from_port": 0,
            "id": "sgrule-1519404416",
            "ipv6_cidr_blocks": null,
            "prefix_list_ids": null,
            "protocol": "tcp",
            "security_group_id": "sg-0df71d5a7b713b336",
            "self": false,
            "source_security_group_id": null,
            "to_port": 65535,
            "type": "ingress"
          },
          "private": "eyJzY2hlbWFfdmVyc2lvbiI6IjIifQ==",
          "dependencies": [
            "module.eks_cluster.aws_security_group.eks_cluster"
          ]
        }
      ]
    },
    {
      "module": "module.eks_cluster",
      "mode": "managed",
      "type": "kubernetes_config_map",
      "name": "aws_auth",
      "provider": "provider.kubernetes",
      "instances": [
        {
          "schema_version": 0,
          "attributes": {
            "binary_data": null,
            "data": {
              "mapRoles": "- rolearn: arn:aws:iam::937468789323:role/eks-managed-nodes-sergio\n  username: system:node:{{EC2PrivateDNSName}}\n  groups:\n  - system:bootstrappers\n  - system:nodes\n"
            },
            "id": "kube-system/aws-auth",
            "metadata": [
              {
                "annotations": null,
                "generate_name": "",
                "generation": 0,
                "labels": null,
                "name": "aws-auth",
                "namespace": "kube-system",
                "resource_version": "928",
                "self_link": "/api/v1/namespaces/kube-system/configmaps/aws-auth",
                "uid": "1b086c9f-5626-438c-904f-e29995282a1e"
              }
            ]
          },
          "private": "bnVsbA==",
          "dependencies": [
            "module.eks_cluster.aws_eks_cluster.this",
            "module.eks_cluster.aws_iam_role.eks_cluster",
            "module.eks_cluster.aws_iam_role.eks_nodes",
            "module.eks_cluster.aws_iam_role_policy_attachment.AmazonEKSClusterPolicy",
            "module.eks_cluster.aws_iam_role_policy_attachment.AmazonEKSServicePolicy",
            "module.eks_cluster.aws_security_group.eks_cluster"
          ]
        }
      ]
    }
  ]
}
