{
  "version": 4,
  "terraform_version": "0.12.29",
  "serial": 6,
  "lineage": "7b988364-518e-1ecf-71dd-f33f19583e4e",
  "outputs": {},
  "resources": [
    {
      "module": "module.eks_managed_nodes",
      "mode": "data",
      "type": "aws_ami",
      "name": "eks_nodes",
      "each": "list",
      "provider": "provider.aws",
      "instances": [
        {
          "index_key": 0,
          "schema_version": 0,
          "attributes": {
            "architecture": "x86_64",
            "arn": "arn:aws:ec2:eu-west-1::image/ami-0540d46d8f37e3683",
            "block_device_mappings": [
              {
                "device_name": "/dev/xvda",
                "ebs": {
                  "delete_on_termination": "true",
                  "encrypted": "false",
                  "iops": "0",
                  "snapshot_id": "snap-0551b474a6d698b7d",
                  "volume_size": "20",
                  "volume_type": "gp2"
                },
                "no_device": "",
                "virtual_name": ""
              }
            ],
            "creation_date": "2020-12-11T03:27:03.000Z",
            "description": "EKS Kubernetes Worker AMI with AmazonLinux2 image, (k8s: 1.17.12, docker: 19.03.6ce-4.amzn2, containerd: 1.4.1-2.amzn2)",
            "executable_users": null,
            "filter": [
              {
                "name": "architecture",
                "values": [
                  "x86_64"
                ]
              },
              {
                "name": "name",
                "values": [
                  "amazon-eks-node-1.17-*"
                ]
              },
              {
                "name": "owner-alias",
                "values": [
                  "amazon"
                ]
              },
              {
                "name": "virtualization-type",
                "values": [
                  "hvm"
                ]
              }
            ],
            "hypervisor": "xen",
            "id": "ami-0540d46d8f37e3683",
            "image_id": "ami-0540d46d8f37e3683",
            "image_location": "amazon/amazon-eks-node-1.17-v20201211",
            "image_owner_alias": "amazon",
            "image_type": "machine",
            "kernel_id": null,
            "most_recent": true,
            "name": "amazon-eks-node-1.17-v20201211",
            "name_regex": null,
            "owner_id": "602401143452",
            "owners": [
              "602401143452"
            ],
            "platform": null,
            "product_codes": [],
            "public": true,
            "ramdisk_id": null,
            "root_device_name": "/dev/xvda",
            "root_device_type": "ebs",
            "root_snapshot_id": "snap-0551b474a6d698b7d",
            "sriov_net_support": "simple",
            "state": "available",
            "state_reason": {
              "code": "UNSET",
              "message": "UNSET"
            },
            "tags": {},
            "virtualization_type": "hvm"
          }
        }
      ]
    },
    {
      "mode": "data",
      "type": "aws_eks_cluster",
      "name": "this",
      "provider": "provider.aws",
      "instances": [
        {
          "schema_version": 0,
          "attributes": {
            "arn": "arn:aws:eks:eu-west-1:937468789323:cluster/sergio",
            "certificate_authority": [
              {
                "data": "LS0tLS1CRUdJTiBDRVJUSUZJQ0FURS0tLS0tCk1JSUN5RENDQWJDZ0F3SUJBZ0lCQURBTkJna3Foa2lHOXcwQkFRc0ZBREFWTVJNd0VRWURWUVFERXdwcmRXSmwKY201bGRHVnpNQjRYRFRJeE1ERXhNakUwTlRFeU9Gb1hEVE14TURFeE1ERTBOVEV5T0Zvd0ZURVRNQkVHQTFVRQpBeE1LYTNWaVpYSnVaWFJsY3pDQ0FTSXdEUVlKS29aSWh2Y05BUUVCQlFBRGdnRVBBRENDQVFvQ2dnRUJBTzJ6CnlJRmpYMmNwaHZMV3Q3eC9xNm5Pc0Z6eUU5UThSbVNJNkk5aUhEVThPOFd1SzdMNTFXa1N6TVFsdGhTMUZFdS8KbnJlWHhjTlVZN05KME96bTA0YmVqV1RGb2hRY3ZYWTJTb2Z3dkxzY2QwbmNOQ2NMSTE5TjkyM2U3Um5GeTltTwpPKys2ZENGdTlmbDlxN05mNDM2dHNQWW1na1NHRUVNeHNQc0twTjc2RG9uVFRjc29Cc0RLQU00TEhSUWZlTi9BCk9VQzYyNGR1NUFDbmhLcHdIQm92dzFVQWR2NTk2TXZ6RHF4bXN4bGFTd3dVU1FjdklDSk04NkY4dlhYMGs2ZnoKRUR3dDA3eEh0aW5mcjRpaGlZNm80VHk4Q1N0bi9LSCtDQlRsMURaSkh6U1FhbEc0R0c5QURIbVJ6c2pvcDlWUQo4UDVIOHRoUFRTQWd4VU0yNG5VQ0F3RUFBYU1qTUNFd0RnWURWUjBQQVFIL0JBUURBZ0trTUE4R0ExVWRFd0VCCi93UUZNQU1CQWY4d0RRWUpLb1pJaHZjTkFRRUxCUUFEZ2dFQkFBQklCY0ZaTkMzMGN1bkZGV0lOei9seEdaVy8KSHJMTnFmYUN3eGEzb3pzdkZiRWFDZFNqaGxzcTJwWCtVbWsvNHNxZlRyQ0w4V295M1dSMlJpa0EwSnNUZEkvYwp5L0V0R3RzUHhycUZVZjhFS1F5dmd2WWJnWitpRlRlS3RmdmJxRnRHR1BUcE1KNHdtaDNiT1FXajJacXJNYUxPClJZQ0ZKV05BWmQ3ZEhLVHR4YUNxSWJ1cUcra2dFTWJkTm92VW1pT28yRUJJaWlKcnpGRzRFOU5icVhsQmJGb1cKRGFyd3d6S3R5YjdlRWZleFBaNG1qWGVzOVdyNzg0THdsMm16RElUMHhzVkhmRVM1ZGpMbDdJb0hyWlZMSVR2VQpjUlBuaHNVNkJSMVBIOWV3R0szL29mNGZGQ1NaSElCNXlKNTFpOVpwMkNzMEZ1amVYZHk4OWFFZ2swdz0KLS0tLS1FTkQgQ0VSVElGSUNBVEUtLS0tLQo="
              }
            ],
            "created_at": "2021-01-12 14:43:16.971 +0000 UTC",
            "enabled_cluster_log_types": [
              "api",
              "audit",
              "authenticator"
            ],
            "endpoint": "https://E763B945949604D8504819E51E40C4FF.gr7.eu-west-1.eks.amazonaws.com",
            "id": "sergio",
            "identity": [
              {
                "oidc": [
                  {
                    "issuer": "https://oidc.eks.eu-west-1.amazonaws.com/id/E763B945949604D8504819E51E40C4FF"
                  }
                ]
              }
            ],
            "kubernetes_network_config": [
              {
                "service_ipv4_cidr": "172.20.0.0/16"
              }
            ],
            "name": "sergio",
            "platform_version": "eks.5",
            "role_arn": "arn:aws:iam::937468789323:role/eks-cluster-sergio",
            "status": "ACTIVE",
            "tags": {
              "module": "eks_cluster",
              "module_version": "1.0.0"
            },
            "version": "1.17",
            "vpc_config": [
              {
                "cluster_security_group_id": "sg-01a9fc303978442df",
                "endpoint_private_access": false,
                "endpoint_public_access": true,
                "public_access_cidrs": [
                  "0.0.0.0/0"
                ],
                "security_group_ids": [
                  "sg-098ff279ac1c37b50"
                ],
                "subnet_ids": [
                  "subnet-00a5a00583bedb795",
                  "subnet-01a0d76f1c9456600",
                  "subnet-0222533d6af47665e"
                ],
                "vpc_id": "vpc-0e907bf8376063eb1"
              }
            ]
          }
        }
      ]
    },
    {
      "mode": "data",
      "type": "aws_eks_cluster_auth",
      "name": "this",
      "provider": "provider.aws",
      "instances": [
        {
          "schema_version": 0,
          "attributes": {
            "id": "sergio",
            "name": "sergio",
            "token": "k8s-aws-v1.aHR0cHM6Ly9zdHMuYW1hem9uYXdzLmNvbS8_QWN0aW9uPUdldENhbGxlcklkZW50aXR5JlZlcnNpb249MjAxMS0wNi0xNSZYLUFtei1BbGdvcml0aG09QVdTNC1ITUFDLVNIQTI1NiZYLUFtei1DcmVkZW50aWFsPUFLSUE1VVJMNlFKRjRKTVhZNDZFJTJGMjAyMTAxMTIlMkZ1cy1lYXN0LTElMkZzdHMlMkZhd3M0X3JlcXVlc3QmWC1BbXotRGF0ZT0yMDIxMDExMlQxNTAyNDVaJlgtQW16LUV4cGlyZXM9MCZYLUFtei1TaWduZWRIZWFkZXJzPWhvc3QlM0J4LWs4cy1hd3MtaWQmWC1BbXotU2lnbmF0dXJlPTA5M2EwMjY2NGExZTNlMTY4ZTFiMWVjOTRjYTExMGI3MGU2MWM3NDgxMmM4Yzk2Y2ExNDc3YjYwYTc2MTAwNDY"
          }
        }
      ]
    },
    {
      "module": "module.eks_managed_nodes",
      "mode": "data",
      "type": "template_file",
      "name": "eks_nodes_userdata",
      "provider": "provider.template",
      "instances": [
        {
          "schema_version": 0,
          "attributes": {
            "filename": null,
            "id": "ed4c800732903d33016b108ecf9d470de4df45f23e79c27efbf51bebc05e3d3c",
            "rendered": "#!/bin/bash\n\n/etc/eks/bootstrap.sh  sergio \\\n --b64-cluster-ca -----BEGIN CERTIFICATE-----\nMIICyDCCAbCgAwIBAgIBADANBgkqhkiG9w0BAQsFADAVMRMwEQYDVQQDEwprdWJl\ncm5ldGVzMB4XDTIxMDExMjE0NTEyOFoXDTMxMDExMDE0NTEyOFowFTETMBEGA1UE\nAxMKa3ViZXJuZXRlczCCASIwDQYJKoZIhvcNAQEBBQADggEPADCCAQoCggEBAO2z\nyIFjX2cphvLWt7x/q6nOsFzyE9Q8RmSI6I9iHDU8O8WuK7L51WkSzMQlthS1FEu/\nnreXxcNUY7NJ0Ozm04bejWTFohQcvXY2SofwvLscd0ncNCcLI19N923e7RnFy9mO\nO++6dCFu9fl9q7Nf436tsPYmgkSGEEMxsPsKpN76DonTTcsoBsDKAM4LHRQfeN/A\nOUC624du5ACnhKpwHBovw1UAdv596MvzDqxmsxlaSwwUSQcvICJM86F8vXX0k6fz\nEDwt07xHtinfr4ihiY6o4Ty8CStn/KH+CBTl1DZJHzSQalG4GG9ADHmRzsjop9VQ\n8P5H8thPTSAgxUM24nUCAwEAAaMjMCEwDgYDVR0PAQH/BAQDAgKkMA8GA1UdEwEB\n/wQFMAMBAf8wDQYJKoZIhvcNAQELBQADggEBAABIBcFZNC30cunFFWINz/lxGZW/\nHrLNqfaCwxa3ozsvFbEaCdSjhlsq2pX+Umk/4sqfTrCL8Woy3WR2RikA0JsTdI/c\ny/EtGtsPxrqFUf8EKQyvgvYbgZ+iFTeKtfvbqFtGGPTpMJ4wmh3bOQWj2ZqrMaLO\nRYCFJWNAZd7dHKTtxaCqIbuqG+kgEMbdNovUmiOo2EBIiiJrzFG4E9NbqXlBbFoW\nDarwwzKtyb7eEfexPZ4mjXes9Wr784Lwl2mzDIT0xsVHfES5djLl7IoHrZVLITvU\ncRPnhsU6BR1PH9ewGK3/of4fFCSZHIB5yJ51i9Zp2Cs0FujeXdy89aEgk0w=\n-----END CERTIFICATE-----\n \\\n --apiserver-endpoint https://E763B945949604D8504819E51E40C4FF.gr7.eu-west-1.eks.amazonaws.com \\\n --kubelet-extra-args \"--kube-reserved cpu=250m,memory=1Gi,ephemeral-storage=1Gi --system-reserved cpu=250m,memory=0.2Gi,ephemeral-storage=1Gi --eviction-hard memory.available\u003c500Mi,nodefs.available\u003c10% --max-pods=5\"\n\n\n### por seguridad instalo esto, para pruebas futuras sin meter la parte de orange.\nsudo yum install -y amazon-ssm-agent\nsudo systemctl restart amazon-ssm-agent\nsudo systemctl enable amazon-ssm-agent\n\n",
            "template": "#!/bin/bash\n\n/etc/eks/bootstrap.sh  ${eks_cluster_id} \\\n --b64-cluster-ca ${b64_cluster_ca} \\\n --apiserver-endpoint ${eks_cluster_endpoint} \\\n --kubelet-extra-args \"--kube-reserved cpu=250m,memory=1Gi,ephemeral-storage=1Gi --system-reserved cpu=250m,memory=0.2Gi,ephemeral-storage=1Gi --eviction-hard memory.available\u003c500Mi,nodefs.available\u003c10% --max-pods=${max_pods}\"\n\n\n### por seguridad instalo esto, para pruebas futuras sin meter la parte de orange.\nsudo yum install -y amazon-ssm-agent\nsudo systemctl restart amazon-ssm-agent\nsudo systemctl enable amazon-ssm-agent\n\n",
            "vars": {
              "b64_cluster_ca": "-----BEGIN CERTIFICATE-----\nMIICyDCCAbCgAwIBAgIBADANBgkqhkiG9w0BAQsFADAVMRMwEQYDVQQDEwprdWJl\ncm5ldGVzMB4XDTIxMDExMjE0NTEyOFoXDTMxMDExMDE0NTEyOFowFTETMBEGA1UE\nAxMKa3ViZXJuZXRlczCCASIwDQYJKoZIhvcNAQEBBQADggEPADCCAQoCggEBAO2z\nyIFjX2cphvLWt7x/q6nOsFzyE9Q8RmSI6I9iHDU8O8WuK7L51WkSzMQlthS1FEu/\nnreXxcNUY7NJ0Ozm04bejWTFohQcvXY2SofwvLscd0ncNCcLI19N923e7RnFy9mO\nO++6dCFu9fl9q7Nf436tsPYmgkSGEEMxsPsKpN76DonTTcsoBsDKAM4LHRQfeN/A\nOUC624du5ACnhKpwHBovw1UAdv596MvzDqxmsxlaSwwUSQcvICJM86F8vXX0k6fz\nEDwt07xHtinfr4ihiY6o4Ty8CStn/KH+CBTl1DZJHzSQalG4GG9ADHmRzsjop9VQ\n8P5H8thPTSAgxUM24nUCAwEAAaMjMCEwDgYDVR0PAQH/BAQDAgKkMA8GA1UdEwEB\n/wQFMAMBAf8wDQYJKoZIhvcNAQELBQADggEBAABIBcFZNC30cunFFWINz/lxGZW/\nHrLNqfaCwxa3ozsvFbEaCdSjhlsq2pX+Umk/4sqfTrCL8Woy3WR2RikA0JsTdI/c\ny/EtGtsPxrqFUf8EKQyvgvYbgZ+iFTeKtfvbqFtGGPTpMJ4wmh3bOQWj2ZqrMaLO\nRYCFJWNAZd7dHKTtxaCqIbuqG+kgEMbdNovUmiOo2EBIiiJrzFG4E9NbqXlBbFoW\nDarwwzKtyb7eEfexPZ4mjXes9Wr784Lwl2mzDIT0xsVHfES5djLl7IoHrZVLITvU\ncRPnhsU6BR1PH9ewGK3/of4fFCSZHIB5yJ51i9Zp2Cs0FujeXdy89aEgk0w=\n-----END CERTIFICATE-----\n",
              "eks_cluster_endpoint": "https://E763B945949604D8504819E51E40C4FF.gr7.eu-west-1.eks.amazonaws.com",
              "eks_cluster_id": "sergio",
              "max_pods": "5"
            }
          }
        }
      ]
    },
    {
      "mode": "data",
      "type": "terraform_remote_state",
      "name": "eks_cluster",
      "provider": "provider.terraform",
      "instances": [
        {
          "schema_version": 0,
          "attributes": {
            "backend": "local",
            "config": {
              "value": {
                "path": "../eks_cluster/terraform.tfstate"
              },
              "type": [
                "object",
                {
                  "path": "string"
                }
              ]
            },
            "defaults": null,
            "outputs": {
              "value": {
                "cluster_id": "sergio",
                "cluster_name": "sergio",
                "cluster_version": "1.17",
                "ecr_name": "937468789323.dkr.ecr.eu-west-1.amazonaws.com/traefik2",
                "kubeconfig": "apiVersion: v1\nclusters:\n- cluster:\n    server: https://E763B945949604D8504819E51E40C4FF.gr7.eu-west-1.eks.amazonaws.com\n    certificate-authority-data: LS0tLS1CRUdJTiBDRVJUSUZJQ0FURS0tLS0tCk1JSUN5RENDQWJDZ0F3SUJBZ0lCQURBTkJna3Foa2lHOXcwQkFRc0ZBREFWTVJNd0VRWURWUVFERXdwcmRXSmwKY201bGRHVnpNQjRYRFRJeE1ERXhNakUwTlRFeU9Gb1hEVE14TURFeE1ERTBOVEV5T0Zvd0ZURVRNQkVHQTFVRQpBeE1LYTNWaVpYSnVaWFJsY3pDQ0FTSXdEUVlKS29aSWh2Y05BUUVCQlFBRGdnRVBBRENDQVFvQ2dnRUJBTzJ6CnlJRmpYMmNwaHZMV3Q3eC9xNm5Pc0Z6eUU5UThSbVNJNkk5aUhEVThPOFd1SzdMNTFXa1N6TVFsdGhTMUZFdS8KbnJlWHhjTlVZN05KME96bTA0YmVqV1RGb2hRY3ZYWTJTb2Z3dkxzY2QwbmNOQ2NMSTE5TjkyM2U3Um5GeTltTwpPKys2ZENGdTlmbDlxN05mNDM2dHNQWW1na1NHRUVNeHNQc0twTjc2RG9uVFRjc29Cc0RLQU00TEhSUWZlTi9BCk9VQzYyNGR1NUFDbmhLcHdIQm92dzFVQWR2NTk2TXZ6RHF4bXN4bGFTd3dVU1FjdklDSk04NkY4dlhYMGs2ZnoKRUR3dDA3eEh0aW5mcjRpaGlZNm80VHk4Q1N0bi9LSCtDQlRsMURaSkh6U1FhbEc0R0c5QURIbVJ6c2pvcDlWUQo4UDVIOHRoUFRTQWd4VU0yNG5VQ0F3RUFBYU1qTUNFd0RnWURWUjBQQVFIL0JBUURBZ0trTUE4R0ExVWRFd0VCCi93UUZNQU1CQWY4d0RRWUpLb1pJaHZjTkFRRUxCUUFEZ2dFQkFBQklCY0ZaTkMzMGN1bkZGV0lOei9seEdaVy8KSHJMTnFmYUN3eGEzb3pzdkZiRWFDZFNqaGxzcTJwWCtVbWsvNHNxZlRyQ0w4V295M1dSMlJpa0EwSnNUZEkvYwp5L0V0R3RzUHhycUZVZjhFS1F5dmd2WWJnWitpRlRlS3RmdmJxRnRHR1BUcE1KNHdtaDNiT1FXajJacXJNYUxPClJZQ0ZKV05BWmQ3ZEhLVHR4YUNxSWJ1cUcra2dFTWJkTm92VW1pT28yRUJJaWlKcnpGRzRFOU5icVhsQmJGb1cKRGFyd3d6S3R5YjdlRWZleFBaNG1qWGVzOVdyNzg0THdsMm16RElUMHhzVkhmRVM1ZGpMbDdJb0hyWlZMSVR2VQpjUlBuaHNVNkJSMVBIOWV3R0szL29mNGZGQ1NaSElCNXlKNTFpOVpwMkNzMEZ1amVYZHk4OWFFZ2swdz0KLS0tLS1FTkQgQ0VSVElGSUNBVEUtLS0tLQo=\n  name: kubernetes\ncontexts:\n- context:\n    cluster: kubernetes\n    user: aws\n  name: aws\ncurrent-context: aws\nkind: Config\npreferences: {}\nusers:\n- name: aws\n  user:\n    exec:\n      apiVersion: client.authentication.k8s.io/v1alpha1\n      command: aws-iam-authenticator\n      args:\n        - \"token\"\n        - \"-i\"\n        - \"sergio\"\n",
                "nodes_iam_role_arn": "arn:aws:iam::937468789323:role/eks-managed-nodes-sergio"
              },
              "type": [
                "object",
                {
                  "cluster_id": "string",
                  "cluster_name": "string",
                  "cluster_version": "string",
                  "ecr_name": "string",
                  "kubeconfig": "string",
                  "nodes_iam_role_arn": "string"
                }
              ]
            },
            "workspace": "default"
          }
        }
      ]
    },
    {
      "mode": "data",
      "type": "terraform_remote_state",
      "name": "network",
      "provider": "provider.terraform",
      "instances": [
        {
          "schema_version": 0,
          "attributes": {
            "backend": "local",
            "config": {
              "value": {
                "path": "../network/terraform.tfstate"
              },
              "type": [
                "object",
                {
                  "path": "string"
                }
              ]
            },
            "defaults": null,
            "outputs": {
              "value": {
                "private_subnets_id": [
                  "subnet-0442b5ecb325b7e23",
                  "subnet-020642eb697ce5cdb",
                  "subnet-05478ca69a627a56d"
                ],
                "public_subnets_id": [
                  "subnet-01a0d76f1c9456600",
                  "subnet-00a5a00583bedb795",
                  "subnet-0222533d6af47665e"
                ],
                "vpc_id": "vpc-0e907bf8376063eb1"
              },
              "type": [
                "object",
                {
                  "private_subnets_id": [
                    "tuple",
                    [
                      "string",
                      "string",
                      "string"
                    ]
                  ],
                  "public_subnets_id": [
                    "tuple",
                    [
                      "string",
                      "string",
                      "string"
                    ]
                  ],
                  "vpc_id": "string"
                }
              ]
            },
            "workspace": "default"
          }
        }
      ]
    },
    {
      "module": "module.eks_managed_nodes",
      "mode": "managed",
      "type": "aws_eks_node_group",
      "name": "this",
      "provider": "provider.aws",
      "instances": [
        {
          "schema_version": 0,
          "attributes": {
            "ami_type": "CUSTOM",
            "arn": "arn:aws:eks:eu-west-1:937468789323:nodegroup/sergio/eks-managed-nodes-sergio/32bb7b8f-aef8-767f-a0e6-eb9d4c6f6167",
            "capacity_type": "ON_DEMAND",
            "cluster_name": "sergio",
            "disk_size": 0,
            "force_update_version": null,
            "id": "sergio:eks-managed-nodes-sergio",
            "instance_types": [],
            "labels": null,
            "launch_template": [
              {
                "id": "lt-03d33256b2c8d6939",
                "name": "lt-eks-nodes-sergio-20210112150315519100000001",
                "version": "1"
              }
            ],
            "node_group_name": "eks-managed-nodes-sergio",
            "node_role_arn": "arn:aws:iam::937468789323:role/eks-managed-nodes-sergio",
            "release_version": "ami-0540d46d8f37e3683",
            "remote_access": [],
            "resources": [
              {
                "autoscaling_groups": [
                  {
                    "name": "eks-32bb7b8f-aef8-767f-a0e6-eb9d4c6f6167"
                  }
                ],
                "remote_access_security_group_id": ""
              }
            ],
            "scaling_config": [
              {
                "desired_size": 2,
                "max_size": 3,
                "min_size": 2
              }
            ],
            "status": "ACTIVE",
            "subnet_ids": [
              "subnet-00a5a00583bedb795",
              "subnet-01a0d76f1c9456600",
              "subnet-0222533d6af47665e"
            ],
            "tags": {
              "Name": "sergio",
              "module": "eks_managed_nodes",
              "module_version": "1.0.0"
            },
            "timeouts": null,
            "version": "1.17"
          },
          "private": "eyJlMmJmYjczMC1lY2FhLTExZTYtOGY4OC0zNDM2M2JjN2M0YzAiOnsiY3JlYXRlIjozNjAwMDAwMDAwMDAwLCJkZWxldGUiOjM2MDAwMDAwMDAwMDAsInVwZGF0ZSI6MzYwMDAwMDAwMDAwMH19",
          "dependencies": [
            "module.eks_managed_nodes.aws_launch_template.eks_nodes",
            "module.eks_managed_nodes.aws_security_group.eks_nodes"
          ]
        }
      ]
    },
    {
      "module": "module.eks_managed_nodes",
      "mode": "managed",
      "type": "aws_launch_template",
      "name": "eks_nodes",
      "provider": "provider.aws",
      "instances": [
        {
          "schema_version": 0,
          "attributes": {
            "arn": "arn:aws:ec2:eu-west-1:937468789323:launch-template/lt-03d33256b2c8d6939",
            "block_device_mappings": [
              {
                "device_name": "/dev/xvda",
                "ebs": [
                  {
                    "delete_on_termination": "true",
                    "encrypted": "false",
                    "iops": 0,
                    "kms_key_id": "",
                    "snapshot_id": "",
                    "throughput": 0,
                    "volume_size": 20,
                    "volume_type": "gp2"
                  }
                ],
                "no_device": "",
                "virtual_name": ""
              }
            ],
            "capacity_reservation_specification": [],
            "cpu_options": [],
            "credit_specification": [],
            "default_version": 1,
            "description": "",
            "disable_api_termination": false,
            "ebs_optimized": "",
            "elastic_gpu_specifications": [],
            "elastic_inference_accelerator": [],
            "enclave_options": [],
            "hibernation_options": [],
            "iam_instance_profile": [],
            "id": "lt-03d33256b2c8d6939",
            "image_id": "ami-0540d46d8f37e3683",
            "instance_initiated_shutdown_behavior": "",
            "instance_market_options": [],
            "instance_type": "t3.medium",
            "kernel_id": "",
            "key_name": "",
            "latest_version": 1,
            "license_specification": [],
            "metadata_options": [],
            "monitoring": [],
            "name": "lt-eks-nodes-sergio-20210112150315519100000001",
            "name_prefix": "lt-eks-nodes-sergio-",
            "network_interfaces": [],
            "placement": [],
            "ram_disk_id": "",
            "security_group_names": null,
            "tag_specifications": [
              {
                "resource_type": "volume",
                "tags": {
                  "Name": "lt-eks-nodes-sergio",
                  "module": "eks_managed_nodes",
                  "module_version": "1.0.0"
                }
              },
              {
                "resource_type": "instance",
                "tags": {
                  "Name": "lt-eks-nodes-sergio",
                  "module": "eks_managed_nodes",
                  "module_version": "1.0.0"
                }
              }
            ],
            "tags": {
              "Name": "lt-eks-nodes-sergio",
              "module": "eks_managed_nodes",
              "module_version": "1.0.0"
            },
            "update_default_version": null,
            "user_data": "IyEvYmluL2Jhc2gKCi9ldGMvZWtzL2Jvb3RzdHJhcC5zaCAgc2VyZ2lvIFwKIC0tYjY0LWNsdXN0ZXItY2EgLS0tLS1CRUdJTiBDRVJUSUZJQ0FURS0tLS0tCk1JSUN5RENDQWJDZ0F3SUJBZ0lCQURBTkJna3Foa2lHOXcwQkFRc0ZBREFWTVJNd0VRWURWUVFERXdwcmRXSmwKY201bGRHVnpNQjRYRFRJeE1ERXhNakUwTlRFeU9Gb1hEVE14TURFeE1ERTBOVEV5T0Zvd0ZURVRNQkVHQTFVRQpBeE1LYTNWaVpYSnVaWFJsY3pDQ0FTSXdEUVlKS29aSWh2Y05BUUVCQlFBRGdnRVBBRENDQVFvQ2dnRUJBTzJ6CnlJRmpYMmNwaHZMV3Q3eC9xNm5Pc0Z6eUU5UThSbVNJNkk5aUhEVThPOFd1SzdMNTFXa1N6TVFsdGhTMUZFdS8KbnJlWHhjTlVZN05KME96bTA0YmVqV1RGb2hRY3ZYWTJTb2Z3dkxzY2QwbmNOQ2NMSTE5TjkyM2U3Um5GeTltTwpPKys2ZENGdTlmbDlxN05mNDM2dHNQWW1na1NHRUVNeHNQc0twTjc2RG9uVFRjc29Cc0RLQU00TEhSUWZlTi9BCk9VQzYyNGR1NUFDbmhLcHdIQm92dzFVQWR2NTk2TXZ6RHF4bXN4bGFTd3dVU1FjdklDSk04NkY4dlhYMGs2ZnoKRUR3dDA3eEh0aW5mcjRpaGlZNm80VHk4Q1N0bi9LSCtDQlRsMURaSkh6U1FhbEc0R0c5QURIbVJ6c2pvcDlWUQo4UDVIOHRoUFRTQWd4VU0yNG5VQ0F3RUFBYU1qTUNFd0RnWURWUjBQQVFIL0JBUURBZ0trTUE4R0ExVWRFd0VCCi93UUZNQU1CQWY4d0RRWUpLb1pJaHZjTkFRRUxCUUFEZ2dFQkFBQklCY0ZaTkMzMGN1bkZGV0lOei9seEdaVy8KSHJMTnFmYUN3eGEzb3pzdkZiRWFDZFNqaGxzcTJwWCtVbWsvNHNxZlRyQ0w4V295M1dSMlJpa0EwSnNUZEkvYwp5L0V0R3RzUHhycUZVZjhFS1F5dmd2WWJnWitpRlRlS3RmdmJxRnRHR1BUcE1KNHdtaDNiT1FXajJacXJNYUxPClJZQ0ZKV05BWmQ3ZEhLVHR4YUNxSWJ1cUcra2dFTWJkTm92VW1pT28yRUJJaWlKcnpGRzRFOU5icVhsQmJGb1cKRGFyd3d6S3R5YjdlRWZleFBaNG1qWGVzOVdyNzg0THdsMm16RElUMHhzVkhmRVM1ZGpMbDdJb0hyWlZMSVR2VQpjUlBuaHNVNkJSMVBIOWV3R0szL29mNGZGQ1NaSElCNXlKNTFpOVpwMkNzMEZ1amVYZHk4OWFFZ2swdz0KLS0tLS1FTkQgQ0VSVElGSUNBVEUtLS0tLQogXAogLS1hcGlzZXJ2ZXItZW5kcG9pbnQgaHR0cHM6Ly9FNzYzQjk0NTk0OTYwNEQ4NTA0ODE5RTUxRTQwQzRGRi5ncjcuZXUtd2VzdC0xLmVrcy5hbWF6b25hd3MuY29tIFwKIC0ta3ViZWxldC1leHRyYS1hcmdzICItLWt1YmUtcmVzZXJ2ZWQgY3B1PTI1MG0sbWVtb3J5PTFHaSxlcGhlbWVyYWwtc3RvcmFnZT0xR2kgLS1zeXN0ZW0tcmVzZXJ2ZWQgY3B1PTI1MG0sbWVtb3J5PTAuMkdpLGVwaGVtZXJhbC1zdG9yYWdlPTFHaSAtLWV2aWN0aW9uLWhhcmQgbWVtb3J5LmF2YWlsYWJsZTw1MDBNaSxub2RlZnMuYXZhaWxhYmxlPDEwJSAtLW1heC1wb2RzPTUiCgoKIyMjIHBvciBzZWd1cmlkYWQgaW5zdGFsbyBlc3RvLCBwYXJhIHBydWViYXMgZnV0dXJhcyBzaW4gbWV0ZXIgbGEgcGFydGUgZGUgb3JhbmdlLgpzdWRvIHl1bSBpbnN0YWxsIC15IGFtYXpvbi1zc20tYWdlbnQKc3VkbyBzeXN0ZW1jdGwgcmVzdGFydCBhbWF6b24tc3NtLWFnZW50CnN1ZG8gc3lzdGVtY3RsIGVuYWJsZSBhbWF6b24tc3NtLWFnZW50Cgo=",
            "vpc_security_group_ids": [
              "sg-02f5ad4875e474ac2"
            ]
          },
          "private": "bnVsbA==",
          "dependencies": [
            "module.eks_managed_nodes.aws_security_group.eks_nodes"
          ]
        }
      ]
    },
    {
      "module": "module.eks_managed_nodes",
      "mode": "managed",
      "type": "aws_security_group",
      "name": "eks_nodes",
      "provider": "provider.aws",
      "instances": [
        {
          "schema_version": 1,
          "attributes": {
            "arn": "arn:aws:ec2:eu-west-1:937468789323:security-group/sg-02f5ad4875e474ac2",
            "description": "Cluster communication with worker nodes",
            "egress": [],
            "id": "sg-02f5ad4875e474ac2",
            "ingress": [],
            "name": "eks_nodes_sergio",
            "name_prefix": "",
            "owner_id": "937468789323",
            "revoke_rules_on_delete": false,
            "tags": {
              "Name": "eks_cluster_sergio",
              "module": "eks_managed_nodes",
              "module_version": "1.0.0"
            },
            "timeouts": null,
            "vpc_id": "vpc-0e907bf8376063eb1"
          },
          "private": "eyJlMmJmYjczMC1lY2FhLTExZTYtOGY4OC0zNDM2M2JjN2M0YzAiOnsiY3JlYXRlIjo2MDAwMDAwMDAwMDAsImRlbGV0ZSI6NjAwMDAwMDAwMDAwfSwic2NoZW1hX3ZlcnNpb24iOiIxIn0="
        }
      ]
    },
    {
      "module": "module.eks_managed_nodes",
      "mode": "managed",
      "type": "aws_security_group_rule",
      "name": "all_egress",
      "each": "list",
      "provider": "provider.aws",
      "instances": [
        {
          "index_key": 0,
          "schema_version": 2,
          "attributes": {
            "cidr_blocks": [
              "0.0.0.0/0"
            ],
            "description": null,
            "from_port": 0,
            "id": "sgrule-3240109024",
            "ipv6_cidr_blocks": null,
            "prefix_list_ids": null,
            "protocol": "tcp",
            "security_group_id": "sg-02f5ad4875e474ac2",
            "self": false,
            "source_security_group_id": null,
            "to_port": 65535,
            "type": "egress"
          },
          "private": "eyJzY2hlbWFfdmVyc2lvbiI6IjIifQ==",
          "dependencies": [
            "module.eks_managed_nodes.aws_security_group.eks_nodes"
          ]
        }
      ]
    },
    {
      "module": "module.eks_managed_nodes",
      "mode": "managed",
      "type": "aws_security_group_rule",
      "name": "all_ingress",
      "each": "list",
      "provider": "provider.aws",
      "instances": [
        {
          "index_key": 0,
          "schema_version": 2,
          "attributes": {
            "cidr_blocks": [
              "0.0.0.0/0"
            ],
            "description": null,
            "from_port": 0,
            "id": "sgrule-583655695",
            "ipv6_cidr_blocks": null,
            "prefix_list_ids": null,
            "protocol": "tcp",
            "security_group_id": "sg-02f5ad4875e474ac2",
            "self": false,
            "source_security_group_id": null,
            "to_port": 65535,
            "type": "ingress"
          },
          "private": "eyJzY2hlbWFfdmVyc2lvbiI6IjIifQ==",
          "dependencies": [
            "module.eks_managed_nodes.aws_security_group.eks_nodes"
          ]
        }
      ]
    }
  ]
}
